// !$*UTF8*$!
{
	archiveVersion = 1;
	classes = {
	};
	objectVersion = 46;
	objects = {

/* Begin PBXBuildFile section */
		A53D4A051EA929E100F205F6 /* main.cpp in Sources */ = {isa = PBXBuildFile; fileRef = A53D4A041EA929E100F205F6 /* main.cpp */; };
		A53D4A0D1EA92B5B00F205F6 /* Fraction.cpp in Sources */ = {isa = PBXBuildFile; fileRef = A53D4A0B1EA92B5B00F205F6 /* Fraction.cpp */; };
/* End PBXBuildFile section */

/* Begin PBXCopyFilesBuildPhase section */
		A53D49FF1EA929E100F205F6 /* CopyFiles */ = {
			isa = PBXCopyFilesBuildPhase;
			buildActionMask = 2147483647;
			dstPath = /usr/share/man/man1/;
			dstSubfolderSpec = 0;
			files = (
			);
			runOnlyForDeploymentPostprocessing = 1;
		};
/* End PBXCopyFilesBuildPhase section */

/* Begin PBXFileReference section */
		A53D4A011EA929E100F205F6 /* ClassComplex */ = {isa = PBXFileReference; explicitFileType = "compiled.mach-o.executable"; includeInIndex = 0; path = ClassComplex; sourceTree = BUILT_PRODUCTS_DIR; };
		A53D4A041EA929E100F205F6 /* main.cpp */ = {isa = PBXFileReference; lastKnownFileType = sourcecode.cpp.cpp; path = main.cpp; sourceTree = "<group>"; };
		A53D4A0B1EA92B5B00F205F6 /* Fraction.cpp */ = {isa = PBXFileReference; fileEncoding = 4; lastKnownFileType = sourcecode.cpp.cpp; path = Fraction.cpp; sourceTree = "<group>"; };
		A53D4A0C1EA92B5B00F205F6 /* Fraction.hpp */ = {isa = PBXFileReference; fileEncoding = 4; lastKnownFileType = sourcecode.cpp.h; path = Fraction.hpp; sourceTree = "<group>"; };
/* End PBXFileReference section */

/* Begin PBXFrameworksBuildPhase section */
		A53D49FE1EA929E100F205F6 /* Frameworks */ = {
			isa = PBXFrameworksBuildPhase;
			buildActionMask = 2147483647;
			files = (
			);
			runOnlyForDeploymentPostprocessing = 0;
		};
/* End PBXFrameworksBuildPhase section */

/* Begin PBXGroup section */
		A53D49F81EA929E100F205F6 = {
			isa = PBXGroup;
			children = (
				A53D4A031EA929E100F205F6 /* ClassComplex */,
				A53D4A021EA929E100F205F6 /* Products */,
			);
			sourceTree = "<group>";
		};
		A53D4A021EA929E100F205F6 /* Products */ = {
			isa = PBXGroup;
			children = (
				A53D4A011EA929E100F205F6 /* ClassComplex */,
			);
			name = Products;
			sourceTree = "<group>";
		};
		A53D4A031EA929E100F205F6 /* ClassComplex */ = {
			isa = PBXGroup;
			children = (
				A53D4A041EA929E100F205F6 /* main.cpp */,
				A53D4A0B1EA92B5B00F205F6 /* Fraction.cpp */,
				A53D4A0C1EA92B5B00F205F6 /* Fraction.hpp */,
			);
			path = ClassComplex;
			sourceTree = "<group>";
		};
/* End PBXGroup section */

/* Begin PBXNativeTarget section */
		A53D4A001EA929E100F205F6 /* ClassComplex */ = {
			isa = PBXNativeTarget;
			buildConfigurationList = A53D4A081EA929E100F205F6 /* Build configuration list for PBXNativeTarget "ClassComplex" */;
			buildPhases = (
				A53D49FD1EA929E100F205F6 /* Sources */,
				A53D49FE1EA929E100F205F6 /* Frameworks */,
				A53D49FF1EA929E100F205F6 /* CopyFiles */,
			);
			buildRules = (
			);
			dependencies = (
			);
			name = ClassComplex;
			productName = ClassComplex;
			productReference = A53D4A011EA929E100F205F6 /* ClassComplex */;
			productType = "com.apple.product-type.tool";
		};
/* End PBXNativeTarget section */

/* Begin PBXProject section */
		A53D49F91EA929E100F205F6 /* Project object */ = {
			isa = PBXProject;
			attributes = {
				LastUpgradeCheck = 0830;
				ORGANIZATIONNAME = "Сергей Тришин";
				TargetAttributes = {
					A53D4A001EA929E100F205F6 = {
						CreatedOnToolsVersion = 8.3.1;
						DevelopmentTeam = LPTWC9LMSM;
						ProvisioningStyle = Automatic;
					};
				};
			};
			buildConfigurationList = A53D49FC1EA929E100F205F6 /* Build configuration list for PBXProject "ClassComplex" */;
			compatibilityVersion = "Xcode 3.2";
			developmentRegion = English;
			hasScannedForEncodings = 0;
			knownRegions = (
				en,
			);
			mainGroup = A53D49F81EA929E100F205F6;
			productRefGroup = A53D4A021EA929E100F205F6 /* Products */;
			projectDirPath = "";
			projectRoot = "";
			targets = (
				A53D4A001EA929E100F205F6 /* ClassComplex */,
			);
		};
/* End PBXProject section */

/* Begin PBXSourcesBuildPhase section */
		A53D49FD1EA929E100F205F6 /* Sources */ = {
			isa = PBXSourcesBuildPhase;
			buildActionMask = 2147483647;
			files = (
				A53D4A0D1EA92B5B00F205F6 /* Fraction.cpp in Sources */,
				A53D4A051EA929E100F205F6 /* main.cpp in Sources */,
			);
			runOnlyForDeploymentPostprocessing = 0;
		};
/* End PBXSourcesBuildPhase section */

/* Begin XCBuildConfiguration section */
		A53D4A061EA929E100F205F6 /* Debug */ = {
			isa = XCBuildConfiguration;
			buildSettings = {
				ALWAYS_SEARCH_USER_PATHS = NO;
				CLANG_ANALYZER_NONNULL = YES;
				CLANG_ANALYZER_NUMBER_OBJECT_CONVERSION = YES_AGGRESSIVE;
				CLANG_CXX_LANGUAGE_STANDARD = "gnu++0x";
				CLANG_CXX_LIBRARY = "libc++";
				CLANG_ENABLE_MODULES = YES;
				CLANG_ENABLE_OBJC_ARC = YES;
				CLANG_WARN_BOOL_CONVERSION = YES;
				CLANG_WARN_CONSTANT_CONVERSION = YES;
				CLANG_WARN_DIRECT_OBJC_ISA_USAGE = YES_ERROR;
				CLANG_WARN_DOCUMENTATION_COMMENTS = YES;
				CLANG_WARN_EMPTY_BODY = YES;
				CLANG_WARN_ENUM_CONVERSION = YES;
				CLANG_WARN_INFINITE_RECURSION = YES;
				CLANG_WARN_INT_CONVERSION = YES;
				CLANG_WARN_OBJC_ROOT_CLASS = YES_ERROR;
				CLANG_WARN_SUSPICIOUS_MOVE = YES;
				CLANG_WARN_UNREACHABLE_CODE = YES;
				CLANG_WARN__DUPLICATE_METHOD_MATCH = YES;
				CODE_SIGN_IDENTITY = "-";
				COPY_PHASE_STRIP = NO;
				DEBUG_INFORMATION_FORMAT = dwarf;
				ENABLE_STRICT_OBJC_MSGSEND = YES;
				ENABLE_TESTABILITY = YES;
				GCC_C_LANGUAGE_STANDARD = gnu99;
				GCC_DYNAMIC_NO_PIC = NO;
				GCC_NO_COMMON_BLOCKS = YES;
				GCC_OPTIMIZATION_LEVEL = 0;
				GCC_PREPROCESSOR_DEFINITIONS = (
					"DEBUG=1",
					"$(inherited)",
				);
				GCC_WARN_64_TO_32_BIT_CONVERSION = YES;
				GCC_WARN_ABOUT_RETURN_TYPE = YES_ERROR;
				GCC_WARN_UNDECLARED_SELECTOR = YES;
				GCC_WARN_UNINITIALIZED_AUTOS = YES_AGGRESSIVE;
				GCC_WARN_UNUSED_FUNCTION = YES;
				GCC_WARN_UNUSED_VARIABLE = YES;
				MACOSX_DEPLOYMENT_TARGET = 10.12;
				MTL_ENABLE_DEBUG_INFO = YES;
				ONLY_ACTIVE_ARCH = YES;
				SDKROOT = macosx;
			};
			name = Debug;
		};
		A53D4A071EA929E100F205F6 /* Release */ = {
			isa = XCBuildConfiguration;
			buildSettings = {
				ALWAYS_SEARCH_USER_PATHS = NO;
				CLANG_ANALYZER_NONNULL = YES;
				CLANG_ANALYZER_NUMBER_OBJECT_CONVERSION = YES_AGGRESSIVE;
				CLANG_CXX_LANGUAGE_STANDARD = "gnu++0x";
				CLANG_CXX_LIBRARY = "libc++";
				CLANG_ENABLE_MODULES = YES;
				CLANG_ENABLE_OBJC_ARC = YES;
				CLANG_WARN_BOOL_CONVERSION = YES;
				CLANG_WARN_CONSTANT_CONVERSION = YES;
				CLANG_WARN_DIRECT_OBJC_ISA_USAGE = YES_ERROR;
				CLANG_WARN_DOCUMENTATION_COMMENTS = YES;
				CLANG_WARN_EMPTY_BODY = YES;
				CLANG_WARN_ENUM_CONVERSION = YES;
				CLANG_WARN_INFINITE_RECURSION = YES;
				CLANG_WARN_INT_CONVERSION = YES;
				CLANG_WARN_OBJC_ROOT_CLASS = YES_ERROR;
				CLANG_WARN_SUSPICIOUS_MOVE = YES;
				CLANG_WARN_UNREACHABLE_CODE = YES;
				CLANG_WARN__DUPLICATE_METHOD_MATCH = YES;
				CODE_SIGN_IDENTITY = "-";
				COPY_PHASE_STRIP = NO;
				DEBUG_INFORMATION_FORMAT = "dwarf-with-dsym";
				ENABLE_NS_ASSERTIONS = NO;
				ENABLE_STRICT_OBJC_MSGSEND = YES;
				GCC_C_LANGUAGE_STANDARD = gnu99;
				GCC_NO_COMMON_BLOCKS = YES;
				GCC_WARN_64_TO_32_BIT_CONVERSION = YES;
				GCC_WARN_ABOUT_RETURN_TYPE = YES_ERROR;
				GCC_WARN_UNDECLARED_SELECTOR = YES;
				GCC_WARN_UNINITIALIZED_AUTOS = YES_AGGRESSIVE;
				GCC_WARN_UNUSED_FUNCTION = YES;
				GCC_WARN_UNUSED_VARIABLE = YES;
				MACOSX_DEPLOYMENT_TARGET = 10.12;
				MTL_ENABLE_DEBUG_INFO = NO;
				SDKROOT = macosx;
			};
			name = Release;
		};
		A53D4A091EA929E100F205F6 /* Debug */ = {
			isa = XCBuildConfiguration;
			buildSettings = {
				DEVELOPMENT_TEAM = LPTWC9LMSM;
				PRODUCT_NAME = "$(TARGET_NAME)";
			};
			name = Debug;
		};
		A53D4A0A1EA929E100F205F6 /* Release */ = {
			isa = XCBuildConfiguration;
			buildSettings = {
				DEVELOPMENT_TEAM = LPTWC9LMSM;
				PRODUCT_NAME = "$(TARGET_NAME)";
			};
			name = Release;
		};
/* End XCBuildConfiguration section */

/* Begin XCConfigurationList section */
		A53D49FC1EA929E100F205F6 /* Build configuration list for PBXProject "ClassComplex" */ = {
			isa = XCConfigurationList;
			buildConfigurations = (
				A53D4A061EA929E100F205F6 /* Debug */,
				A53D4A071EA929E100F205F6 /* Release */,
			);
			defaultConfigurationIsVisible = 0;
			defaultConfigurationName = Release;
		};
		A53D4A081EA929E100F205F6 /* Build configuration list for PBXNativeTarget "ClassComplex" */ = {
			isa = XCConfigurationList;
			buildConfigurations = (
				A53D4A091EA929E100F205F6 /* Debug */,
				A53D4A0A1EA929E100F205F6 /* Release */,
			);
			defaultConfigurationIsVisible = 0;
		};
/* End XCConfigurationList section */
	};
	rootObject = A53D49F91EA929E100F205F6 /* Project object */;
}
